# @generated by Move, please check-in and do not edit manually.

[move]
version = 3
manifest_digest = "725EE00A40B29F5EC99E6A91574FD403A48FF27FDC490BD6ED1926F52921AAA8"
deps_digest = "F8BBB0CCB2491CA29A3DF03D6F92277A4F3574266507ACD77214D37ECA3F3082"
dependencies = [
  { id = "Sui", name = "Sui" },
]

[[move.package]]
id = "MoveStdlib"
source = { git = "https://github.com/MystenLabs/sui.git", rev = "framework/testnet", subdir = "crates/sui-framework/packages/move-stdlib" }

[[move.package]]
id = "Sui"
source = { git = "https://github.com/MystenLabs/sui.git", rev = "framework/testnet", subdir = "crates/sui-framework/packages/sui-framework" }

dependencies = [
  { id = "MoveStdlib", name = "MoveStdlib" },
]

[move.toolchain-version]
compiler-version = "1.62.0"
edition = "2024.beta"
flavor = "sui"

[env]

[env.testnet]
chain-id = "4c78adac"
original-published-id = "0xff4f3895ef868b2d54454f45859aa970f3c2101506b1445140f6b82731aa2cdd"
latest-published-id = "0xff4f3895ef868b2d54454f45859aa970f3c2101506b1445140f6b82731aa2cdd"
published-version = "1"
